{
  "requires": true,
  "lockfileVersion": 1,
  "dependencies": {
    "@ffleet/shim": {
      "version": "1.2.5",
      "resolved": "https://registry.npmjs.org/@ffleet/shim/-/shim-1.2.5.tgz",
      "integrity": "sha512-urHstJKtU9HWJN9YpqJOGSgNFP6yH7Sfij/l9l7wPsdo6ruDYDtRYz8Iqv6ggqsGTS0Mm8I5Xeg5c8KpQHYPAQ=="
    }
  }
}
